
Microsoft Visual Studio Solution File, Format Version 12.00
# Visual Studio Version 17
VisualStudioVersion = 17.4.33122.133
MinimumVisualStudioVersion = 10.0.40219.1
Project("{9A19103F-16F7-4668-BE54-9A1E7A4F7556}") = "ACBAbankTask", "ACBAbankTask.csproj", "{FCDDF6DA-9CA8-4D19-B0B4-0424117A088A}"
EndProject
Project("{FAE04EC0-301F-11D3-BF4B-00C04F79EFBC}") = "ACBAbankTask.Service", "..\ACBAbankTask.Service\ACBAbankTask.Service.csproj", "{B37B660E-49CF-4F08-80DC-D9DEB49BC992}"
EndProject
Global
	GlobalSection(SolutionConfigurationPlatforms) = preSolution
		Debug|Any CPU = Debug|Any CPU
		Release|Any CPU = Release|Any CPU
	EndGlobalSection
	GlobalSection(ProjectConfigurationPlatforms) = postSolution
		{FCDDF6DA-9CA8-4D19-B0B4-0424117A088A}.Debug|Any CPU.ActiveCfg = Debug|Any CPU
		{FCDDF6DA-9CA8-4D19-B0B4-0424117A088A}.Debug|Any CPU.Build.0 = Debug|Any CPU
		{FCDDF6DA-9CA8-4D19-B0B4-0424117A088A}.Release|Any CPU.ActiveCfg = Release|Any CPU
		{FCDDF6DA-9CA8-4D19-B0B4-0424117A088A}.Release|Any CPU.Build.0 = Release|Any CPU
		{B37B660E-49CF-4F08-80DC-D9DEB49BC992}.Debug|Any CPU.ActiveCfg = Debug|Any CPU
		{B37B660E-49CF-4F08-80DC-D9DEB49BC992}.Debug|Any CPU.Build.0 = Debug|Any CPU
		{B37B660E-49CF-4F08-80DC-D9DEB49BC992}.Release|Any CPU.ActiveCfg = Release|Any CPU
		{B37B660E-49CF-4F08-80DC-D9DEB49BC992}.Release|Any CPU.Build.0 = Release|Any CPU
	EndGlobalSection
	GlobalSection(SolutionProperties) = preSolution
		HideSolutionNode = FALSE
	EndGlobalSection
	GlobalSection(ExtensibilityGlobals) = postSolution
		SolutionGuid = {BECCC1A1-1591-47BC-AAD7-49F5438FE0AB}
	EndGlobalSection
EndGlobal
